
Microsoft Visual Studio Solution File, Format Version 12.00
# Visual Studio Version 17
VisualStudioVersion = 17.13.35919.96 d17.13
MinimumVisualStudioVersion = 10.0.40219.1
Project("{FAE04EC0-301F-11D3-BF4B-00C04F79EFBC}") = "LibraryItems", "LibraryItems\LibraryItems.csproj", "{3B4EC3A6-DE41-4EF4-B161-6F78D0C250CE}"
EndProject
Global
	GlobalSection(SolutionConfigurationPlatforms) = preSolution
		Debug|Any CPU = Debug|Any CPU
		Release|Any CPU = Release|Any CPU
	EndGlobalSection
	GlobalSection(ProjectConfigurationPlatforms) = postSolution
		{3B4EC3A6-DE41-4EF4-B161-6F78D0C250CE}.Debug|Any CPU.ActiveCfg = Debug|Any CPU
		{3B4EC3A6-DE41-4EF4-B161-6F78D0C250CE}.Debug|Any CPU.Build.0 = Debug|Any CPU
		{3B4EC3A6-DE41-4EF4-B161-6F78D0C250CE}.Release|Any CPU.ActiveCfg = Release|Any CPU
		{3B4EC3A6-DE41-4EF4-B161-6F78D0C250CE}.Release|Any CPU.Build.0 = Release|Any CPU
	EndGlobalSection
	GlobalSection(SolutionProperties) = preSolution
		HideSolutionNode = FALSE
	EndGlobalSection
	GlobalSection(ExtensibilityGlobals) = postSolution
		SolutionGuid = {6704E49E-1FAC-4ACA-B294-697BDE947012}
	EndGlobalSection
EndGlobal
